{
  "name": "listener",
  "version": "1.0.0",
  "lockfileVersion": 3,
  "requires": true,
  "packages": {
    "": {
      "name": "listener",
      "version": "1.0.0",
      "license": "ISC",
      "dependencies": {
        "@picovoice/porcupine-node": "^3.0.6",
        "@picovoice/pvrecorder-node": "^1.2.8",
        "dotenv": "^17.2.3",
        "ws": "^8.18.3"
      }
    },
    "node_modules/@picovoice/porcupine-node": {
      "version": "3.0.6",
      "resolved": "https://registry.npmjs.org/@picovoice/porcupine-node/-/porcupine-node-3.0.6.tgz",
      "integrity": "sha512-vYlY0Hf9ovRB+Z9yyLReiVYZkLsm/kVPgDWTu2dgtqAooednohljfxSRzJUojapp8BFd7aW8P3H/4sm1zy49lw==",
      "cpu": [
        "!ia32",
        "!mips",
        "!ppc",
        "!ppc64"
      ],
      "license": "Apache-2.0",
      "engines": {
        "node": ">=18.0.0"
      }
    },
    "node_modules/@picovoice/pvrecorder-node": {
      "version": "1.2.8",
      "resolved": "https://registry.npmjs.org/@picovoice/pvrecorder-node/-/pvrecorder-node-1.2.8.tgz",
      "integrity": "sha512-dbLJlplQQNRkM2ja/hP4sRADGDILuJ54dEf8cU5eULeNrddxXvOtE8IiJ5F2VhhbXmIv3Qmn79DqhttCOxjH8Q==",
      "license": "Apache-2.0",
      "engines": {
        "node": ">=18.0.0"
      }
    },
    "node_modules/dotenv": {
      "version": "17.2.3",
      "resolved": "https://registry.npmjs.org/dotenv/-/dotenv-17.2.3.tgz",
      "integrity": "sha512-JVUnt+DUIzu87TABbhPmNfVdBDt18BLOWjMUFJMSi/Qqg7NTYtabbvSNJGOJ7afbRuv9D/lngizHtP7QyLQ+9w==",
      "license": "BSD-2-Clause",
      "engines": {
        "node": ">=12"
      },
      "funding": {
        "url": "https://dotenvx.com"
      }
    },
    "node_modules/ws": {
      "version": "8.18.3",
      "resolved": "https://registry.npmjs.org/ws/-/ws-8.18.3.tgz",
      "integrity": "sha512-PEIGCY5tSlUt50cqyMXfCzX+oOPqN0vuGqWzbcJ2xvnkzkq46oOpz7dQaTDBdfICb4N14+GARUDw2XV2N4tvzg==",
      "license": "MIT",
      "engines": {
        "node": ">=10.0.0"
      },
      "peerDependencies": {
        "bufferutil": "^4.0.1",
        "utf-8-validate": ">=5.0.2"
      },
      "peerDependenciesMeta": {
        "bufferutil": {
          "optional": true
        },
        "utf-8-validate": {
          "optional": true
        }
      }
    }
  }
}
